
Microsoft Visual Studio Solution File, Format Version 12.00
# Visual Studio Version 17
VisualStudioVersion = 17.11.35303.130
MinimumVisualStudioVersion = 10.0.40219.1
Project("{FAE04EC0-301F-11D3-BF4B-00C04F79EFBC}") = "deadline", "deadline\deadline.csproj", "{C4EAE645-46B7-417A-A7FA-176BE5B896B2}"
EndProject
Global
	GlobalSection(SolutionConfigurationPlatforms) = preSolution
		Debug|Any CPU = Debug|Any CPU
		Release|Any CPU = Release|Any CPU
	EndGlobalSection
	GlobalSection(ProjectConfigurationPlatforms) = postSolution
		{C4EAE645-46B7-417A-A7FA-176BE5B896B2}.Debug|Any CPU.ActiveCfg = Debug|Any CPU
		{C4EAE645-46B7-417A-A7FA-176BE5B896B2}.Debug|Any CPU.Build.0 = Debug|Any CPU
		{C4EAE645-46B7-417A-A7FA-176BE5B896B2}.Release|Any CPU.ActiveCfg = Release|Any CPU
		{C4EAE645-46B7-417A-A7FA-176BE5B896B2}.Release|Any CPU.Build.0 = Release|Any CPU
	EndGlobalSection
	GlobalSection(SolutionProperties) = preSolution
		HideSolutionNode = FALSE
	EndGlobalSection
	GlobalSection(ExtensibilityGlobals) = postSolution
		SolutionGuid = {7C5AAD2E-D3A8-43D2-B527-51F24FAF0618}
	EndGlobalSection
EndGlobal
